
Microsoft Visual Studio Solution File, Format Version 12.00
# Visual Studio 15
VisualStudioVersion = 15.0.26124.0
MinimumVisualStudioVersion = 15.0.26124.0
Project("{2150E333-8FDC-42A3-9474-1A3956D46DE8}") = "src", "src", "{5E64F2B9-E9B1-4EFC-B65E-E3649F0110D0}"
EndProject
Project("{FAE04EC0-301F-11D3-BF4B-00C04F79EFBC}") = "Reap", "src\Reap\Reap.csproj", "{04F38CC0-729C-490C-B282-13F1C07620D0}"
EndProject
Project("{FAE04EC0-301F-11D3-BF4B-00C04F79EFBC}") = "Reap.Extensions.Authentication", "src\Reap.Extensions.Authentication\Reap.Extensions.Authentication.csproj", "{901286D8-90C0-4A1D-B370-374181805C29}"
EndProject
Project("{FAE04EC0-301F-11D3-BF4B-00C04F79EFBC}") = "Reap.Extensions.Authorization", "src\Reap.Extensions.Authorization\Reap.Extensions.Authorization.csproj", "{5AAA099D-1224-4883-833F-3F02B3A71537}"
EndProject
Project("{FAE04EC0-301F-11D3-BF4B-00C04F79EFBC}") = "Reap.Extensions.Claims", "src\Reap.Extensions.Claims\Reap.Extensions.Claims.csproj", "{64381062-5A67-4599-8E63-B227A689CE2F}"
EndProject
Project("{FAE04EC0-301F-11D3-BF4B-00C04F79EFBC}") = "Reap.Extensions.Cqrs", "src\Reap.Extensions.Cqrs\Reap.Extensions.Cqrs.csproj", "{A8FB1BEA-6483-45F9-8307-32383AF8ACC3}"
EndProject
Project("{FAE04EC0-301F-11D3-BF4B-00C04F79EFBC}") = "Reap.Extensions.Headers", "src\Reap.Extensions.Headers\Reap.Extensions.Headers.csproj", "{A7211D5D-DF83-4FF6-9780-E0E316BC094C}"
EndProject
Project("{FAE04EC0-301F-11D3-BF4B-00C04F79EFBC}") = "Reap.Extensions.Mood", "src\Reap.Extensions.Mood\Reap.Extensions.Mood.csproj", "{1651B95A-B08A-49CA-97AE-5A0F45F308A3}"
EndProject
Project("{FAE04EC0-301F-11D3-BF4B-00C04F79EFBC}") = "Reap.Extensions.Objects", "src\Reap.Extensions.Objects\Reap.Extensions.Objects.csproj", "{868DE501-C1CC-4F7C-B428-E806B48A0094}"
EndProject
Project("{FAE04EC0-301F-11D3-BF4B-00C04F79EFBC}") = "Reap.Extensions.Resource", "src\Reap.Extensions.Resource\Reap.Extensions.Resource.csproj", "{80287B4F-E581-478A-AAF9-F4187F844E56}"
EndProject
Project("{FAE04EC0-301F-11D3-BF4B-00C04F79EFBC}") = "Reap.Newtonsoft.Json", "src\Reap.Newtonsoft.Json\Reap.Newtonsoft.Json.csproj", "{2F6B3433-B3E4-4370-8782-FFAE86EC837C}"
EndProject
Project("{FAE04EC0-301F-11D3-BF4B-00C04F79EFBC}") = "Sandbox", "src\Sandbox\Sandbox.csproj", "{89FB5A33-167B-4586-A6E7-80311F78022E}"
EndProject
Global
	GlobalSection(SolutionConfigurationPlatforms) = preSolution
		Debug|Any CPU = Debug|Any CPU
		Debug|x64 = Debug|x64
		Debug|x86 = Debug|x86
		Release|Any CPU = Release|Any CPU
		Release|x64 = Release|x64
		Release|x86 = Release|x86
	EndGlobalSection
	GlobalSection(SolutionProperties) = preSolution
		HideSolutionNode = FALSE
	EndGlobalSection
	GlobalSection(ProjectConfigurationPlatforms) = postSolution
		{04F38CC0-729C-490C-B282-13F1C07620D0}.Debug|Any CPU.ActiveCfg = Debug|Any CPU
		{04F38CC0-729C-490C-B282-13F1C07620D0}.Debug|Any CPU.Build.0 = Debug|Any CPU
		{04F38CC0-729C-490C-B282-13F1C07620D0}.Debug|x64.ActiveCfg = Debug|Any CPU
		{04F38CC0-729C-490C-B282-13F1C07620D0}.Debug|x64.Build.0 = Debug|Any CPU
		{04F38CC0-729C-490C-B282-13F1C07620D0}.Debug|x86.ActiveCfg = Debug|Any CPU
		{04F38CC0-729C-490C-B282-13F1C07620D0}.Debug|x86.Build.0 = Debug|Any CPU
		{04F38CC0-729C-490C-B282-13F1C07620D0}.Release|Any CPU.ActiveCfg = Release|Any CPU
		{04F38CC0-729C-490C-B282-13F1C07620D0}.Release|Any CPU.Build.0 = Release|Any CPU
		{04F38CC0-729C-490C-B282-13F1C07620D0}.Release|x64.ActiveCfg = Release|Any CPU
		{04F38CC0-729C-490C-B282-13F1C07620D0}.Release|x64.Build.0 = Release|Any CPU
		{04F38CC0-729C-490C-B282-13F1C07620D0}.Release|x86.ActiveCfg = Release|Any CPU
		{04F38CC0-729C-490C-B282-13F1C07620D0}.Release|x86.Build.0 = Release|Any CPU
		{901286D8-90C0-4A1D-B370-374181805C29}.Debug|Any CPU.ActiveCfg = Debug|Any CPU
		{901286D8-90C0-4A1D-B370-374181805C29}.Debug|Any CPU.Build.0 = Debug|Any CPU
		{901286D8-90C0-4A1D-B370-374181805C29}.Debug|x64.ActiveCfg = Debug|Any CPU
		{901286D8-90C0-4A1D-B370-374181805C29}.Debug|x64.Build.0 = Debug|Any CPU
		{901286D8-90C0-4A1D-B370-374181805C29}.Debug|x86.ActiveCfg = Debug|Any CPU
		{901286D8-90C0-4A1D-B370-374181805C29}.Debug|x86.Build.0 = Debug|Any CPU
		{901286D8-90C0-4A1D-B370-374181805C29}.Release|Any CPU.ActiveCfg = Release|Any CPU
		{901286D8-90C0-4A1D-B370-374181805C29}.Release|Any CPU.Build.0 = Release|Any CPU
		{901286D8-90C0-4A1D-B370-374181805C29}.Release|x64.ActiveCfg = Release|Any CPU
		{901286D8-90C0-4A1D-B370-374181805C29}.Release|x64.Build.0 = Release|Any CPU
		{901286D8-90C0-4A1D-B370-374181805C29}.Release|x86.ActiveCfg = Release|Any CPU
		{901286D8-90C0-4A1D-B370-374181805C29}.Release|x86.Build.0 = Release|Any CPU
		{5AAA099D-1224-4883-833F-3F02B3A71537}.Debug|Any CPU.ActiveCfg = Debug|Any CPU
		{5AAA099D-1224-4883-833F-3F02B3A71537}.Debug|Any CPU.Build.0 = Debug|Any CPU
		{5AAA099D-1224-4883-833F-3F02B3A71537}.Debug|x64.ActiveCfg = Debug|Any CPU
		{5AAA099D-1224-4883-833F-3F02B3A71537}.Debug|x64.Build.0 = Debug|Any CPU
		{5AAA099D-1224-4883-833F-3F02B3A71537}.Debug|x86.ActiveCfg = Debug|Any CPU
		{5AAA099D-1224-4883-833F-3F02B3A71537}.Debug|x86.Build.0 = Debug|Any CPU
		{5AAA099D-1224-4883-833F-3F02B3A71537}.Release|Any CPU.ActiveCfg = Release|Any CPU
		{5AAA099D-1224-4883-833F-3F02B3A71537}.Release|Any CPU.Build.0 = Release|Any CPU
		{5AAA099D-1224-4883-833F-3F02B3A71537}.Release|x64.ActiveCfg = Release|Any CPU
		{5AAA099D-1224-4883-833F-3F02B3A71537}.Release|x64.Build.0 = Release|Any CPU
		{5AAA099D-1224-4883-833F-3F02B3A71537}.Release|x86.ActiveCfg = Release|Any CPU
		{5AAA099D-1224-4883-833F-3F02B3A71537}.Release|x86.Build.0 = Release|Any CPU
		{64381062-5A67-4599-8E63-B227A689CE2F}.Debug|Any CPU.ActiveCfg = Debug|Any CPU
		{64381062-5A67-4599-8E63-B227A689CE2F}.Debug|Any CPU.Build.0 = Debug|Any CPU
		{64381062-5A67-4599-8E63-B227A689CE2F}.Debug|x64.ActiveCfg = Debug|Any CPU
		{64381062-5A67-4599-8E63-B227A689CE2F}.Debug|x64.Build.0 = Debug|Any CPU
		{64381062-5A67-4599-8E63-B227A689CE2F}.Debug|x86.ActiveCfg = Debug|Any CPU
		{64381062-5A67-4599-8E63-B227A689CE2F}.Debug|x86.Build.0 = Debug|Any CPU
		{64381062-5A67-4599-8E63-B227A689CE2F}.Release|Any CPU.ActiveCfg = Release|Any CPU
		{64381062-5A67-4599-8E63-B227A689CE2F}.Release|Any CPU.Build.0 = Release|Any CPU
		{64381062-5A67-4599-8E63-B227A689CE2F}.Release|x64.ActiveCfg = Release|Any CPU
		{64381062-5A67-4599-8E63-B227A689CE2F}.Release|x64.Build.0 = Release|Any CPU
		{64381062-5A67-4599-8E63-B227A689CE2F}.Release|x86.ActiveCfg = Release|Any CPU
		{64381062-5A67-4599-8E63-B227A689CE2F}.Release|x86.Build.0 = Release|Any CPU
		{A8FB1BEA-6483-45F9-8307-32383AF8ACC3}.Debug|Any CPU.ActiveCfg = Debug|Any CPU
		{A8FB1BEA-6483-45F9-8307-32383AF8ACC3}.Debug|Any CPU.Build.0 = Debug|Any CPU
		{A8FB1BEA-6483-45F9-8307-32383AF8ACC3}.Debug|x64.ActiveCfg = Debug|Any CPU
		{A8FB1BEA-6483-45F9-8307-32383AF8ACC3}.Debug|x64.Build.0 = Debug|Any CPU
		{A8FB1BEA-6483-45F9-8307-32383AF8ACC3}.Debug|x86.ActiveCfg = Debug|Any CPU
		{A8FB1BEA-6483-45F9-8307-32383AF8ACC3}.Debug|x86.Build.0 = Debug|Any CPU
		{A8FB1BEA-6483-45F9-8307-32383AF8ACC3}.Release|Any CPU.ActiveCfg = Release|Any CPU
		{A8FB1BEA-6483-45F9-8307-32383AF8ACC3}.Release|Any CPU.Build.0 = Release|Any CPU
		{A8FB1BEA-6483-45F9-8307-32383AF8ACC3}.Release|x64.ActiveCfg = Release|Any CPU
		{A8FB1BEA-6483-45F9-8307-32383AF8ACC3}.Release|x64.Build.0 = Release|Any CPU
		{A8FB1BEA-6483-45F9-8307-32383AF8ACC3}.Release|x86.ActiveCfg = Release|Any CPU
		{A8FB1BEA-6483-45F9-8307-32383AF8ACC3}.Release|x86.Build.0 = Release|Any CPU
		{A7211D5D-DF83-4FF6-9780-E0E316BC094C}.Debug|Any CPU.ActiveCfg = Debug|Any CPU
		{A7211D5D-DF83-4FF6-9780-E0E316BC094C}.Debug|Any CPU.Build.0 = Debug|Any CPU
		{A7211D5D-DF83-4FF6-9780-E0E316BC094C}.Debug|x64.ActiveCfg = Debug|Any CPU
		{A7211D5D-DF83-4FF6-9780-E0E316BC094C}.Debug|x64.Build.0 = Debug|Any CPU
		{A7211D5D-DF83-4FF6-9780-E0E316BC094C}.Debug|x86.ActiveCfg = Debug|Any CPU
		{A7211D5D-DF83-4FF6-9780-E0E316BC094C}.Debug|x86.Build.0 = Debug|Any CPU
		{A7211D5D-DF83-4FF6-9780-E0E316BC094C}.Release|Any CPU.ActiveCfg = Release|Any CPU
		{A7211D5D-DF83-4FF6-9780-E0E316BC094C}.Release|Any CPU.Build.0 = Release|Any CPU
		{A7211D5D-DF83-4FF6-9780-E0E316BC094C}.Release|x64.ActiveCfg = Release|Any CPU
		{A7211D5D-DF83-4FF6-9780-E0E316BC094C}.Release|x64.Build.0 = Release|Any CPU
		{A7211D5D-DF83-4FF6-9780-E0E316BC094C}.Release|x86.ActiveCfg = Release|Any CPU
		{A7211D5D-DF83-4FF6-9780-E0E316BC094C}.Release|x86.Build.0 = Release|Any CPU
		{1651B95A-B08A-49CA-97AE-5A0F45F308A3}.Debug|Any CPU.ActiveCfg = Debug|Any CPU
		{1651B95A-B08A-49CA-97AE-5A0F45F308A3}.Debug|Any CPU.Build.0 = Debug|Any CPU
		{1651B95A-B08A-49CA-97AE-5A0F45F308A3}.Debug|x64.ActiveCfg = Debug|Any CPU
		{1651B95A-B08A-49CA-97AE-5A0F45F308A3}.Debug|x64.Build.0 = Debug|Any CPU
		{1651B95A-B08A-49CA-97AE-5A0F45F308A3}.Debug|x86.ActiveCfg = Debug|Any CPU
		{1651B95A-B08A-49CA-97AE-5A0F45F308A3}.Debug|x86.Build.0 = Debug|Any CPU
		{1651B95A-B08A-49CA-97AE-5A0F45F308A3}.Release|Any CPU.ActiveCfg = Release|Any CPU
		{1651B95A-B08A-49CA-97AE-5A0F45F308A3}.Release|Any CPU.Build.0 = Release|Any CPU
		{1651B95A-B08A-49CA-97AE-5A0F45F308A3}.Release|x64.ActiveCfg = Release|Any CPU
		{1651B95A-B08A-49CA-97AE-5A0F45F308A3}.Release|x64.Build.0 = Release|Any CPU
		{1651B95A-B08A-49CA-97AE-5A0F45F308A3}.Release|x86.ActiveCfg = Release|Any CPU
		{1651B95A-B08A-49CA-97AE-5A0F45F308A3}.Release|x86.Build.0 = Release|Any CPU
		{868DE501-C1CC-4F7C-B428-E806B48A0094}.Debug|Any CPU.ActiveCfg = Debug|Any CPU
		{868DE501-C1CC-4F7C-B428-E806B48A0094}.Debug|Any CPU.Build.0 = Debug|Any CPU
		{868DE501-C1CC-4F7C-B428-E806B48A0094}.Debug|x64.ActiveCfg = Debug|Any CPU
		{868DE501-C1CC-4F7C-B428-E806B48A0094}.Debug|x64.Build.0 = Debug|Any CPU
		{868DE501-C1CC-4F7C-B428-E806B48A0094}.Debug|x86.ActiveCfg = Debug|Any CPU
		{868DE501-C1CC-4F7C-B428-E806B48A0094}.Debug|x86.Build.0 = Debug|Any CPU
		{868DE501-C1CC-4F7C-B428-E806B48A0094}.Release|Any CPU.ActiveCfg = Release|Any CPU
		{868DE501-C1CC-4F7C-B428-E806B48A0094}.Release|Any CPU.Build.0 = Release|Any CPU
		{868DE501-C1CC-4F7C-B428-E806B48A0094}.Release|x64.ActiveCfg = Release|Any CPU
		{868DE501-C1CC-4F7C-B428-E806B48A0094}.Release|x64.Build.0 = Release|Any CPU
		{868DE501-C1CC-4F7C-B428-E806B48A0094}.Release|x86.ActiveCfg = Release|Any CPU
		{868DE501-C1CC-4F7C-B428-E806B48A0094}.Release|x86.Build.0 = Release|Any CPU
		{80287B4F-E581-478A-AAF9-F4187F844E56}.Debug|Any CPU.ActiveCfg = Debug|Any CPU
		{80287B4F-E581-478A-AAF9-F4187F844E56}.Debug|Any CPU.Build.0 = Debug|Any CPU
		{80287B4F-E581-478A-AAF9-F4187F844E56}.Debug|x64.ActiveCfg = Debug|Any CPU
		{80287B4F-E581-478A-AAF9-F4187F844E56}.Debug|x64.Build.0 = Debug|Any CPU
		{80287B4F-E581-478A-AAF9-F4187F844E56}.Debug|x86.ActiveCfg = Debug|Any CPU
		{80287B4F-E581-478A-AAF9-F4187F844E56}.Debug|x86.Build.0 = Debug|Any CPU
		{80287B4F-E581-478A-AAF9-F4187F844E56}.Release|Any CPU.ActiveCfg = Release|Any CPU
		{80287B4F-E581-478A-AAF9-F4187F844E56}.Release|Any CPU.Build.0 = Release|Any CPU
		{80287B4F-E581-478A-AAF9-F4187F844E56}.Release|x64.ActiveCfg = Release|Any CPU
		{80287B4F-E581-478A-AAF9-F4187F844E56}.Release|x64.Build.0 = Release|Any CPU
		{80287B4F-E581-478A-AAF9-F4187F844E56}.Release|x86.ActiveCfg = Release|Any CPU
		{80287B4F-E581-478A-AAF9-F4187F844E56}.Release|x86.Build.0 = Release|Any CPU
		{2F6B3433-B3E4-4370-8782-FFAE86EC837C}.Debug|Any CPU.ActiveCfg = Debug|Any CPU
		{2F6B3433-B3E4-4370-8782-FFAE86EC837C}.Debug|Any CPU.Build.0 = Debug|Any CPU
		{2F6B3433-B3E4-4370-8782-FFAE86EC837C}.Debug|x64.ActiveCfg = Debug|Any CPU
		{2F6B3433-B3E4-4370-8782-FFAE86EC837C}.Debug|x64.Build.0 = Debug|Any CPU
		{2F6B3433-B3E4-4370-8782-FFAE86EC837C}.Debug|x86.ActiveCfg = Debug|Any CPU
		{2F6B3433-B3E4-4370-8782-FFAE86EC837C}.Debug|x86.Build.0 = Debug|Any CPU
		{2F6B3433-B3E4-4370-8782-FFAE86EC837C}.Release|Any CPU.ActiveCfg = Release|Any CPU
		{2F6B3433-B3E4-4370-8782-FFAE86EC837C}.Release|Any CPU.Build.0 = Release|Any CPU
		{2F6B3433-B3E4-4370-8782-FFAE86EC837C}.Release|x64.ActiveCfg = Release|Any CPU
		{2F6B3433-B3E4-4370-8782-FFAE86EC837C}.Release|x64.Build.0 = Release|Any CPU
		{2F6B3433-B3E4-4370-8782-FFAE86EC837C}.Release|x86.ActiveCfg = Release|Any CPU
		{2F6B3433-B3E4-4370-8782-FFAE86EC837C}.Release|x86.Build.0 = Release|Any CPU
		{89FB5A33-167B-4586-A6E7-80311F78022E}.Debug|Any CPU.ActiveCfg = Debug|Any CPU
		{89FB5A33-167B-4586-A6E7-80311F78022E}.Debug|Any CPU.Build.0 = Debug|Any CPU
		{89FB5A33-167B-4586-A6E7-80311F78022E}.Debug|x64.ActiveCfg = Debug|Any CPU
		{89FB5A33-167B-4586-A6E7-80311F78022E}.Debug|x64.Build.0 = Debug|Any CPU
		{89FB5A33-167B-4586-A6E7-80311F78022E}.Debug|x86.ActiveCfg = Debug|Any CPU
		{89FB5A33-167B-4586-A6E7-80311F78022E}.Debug|x86.Build.0 = Debug|Any CPU
		{89FB5A33-167B-4586-A6E7-80311F78022E}.Release|Any CPU.ActiveCfg = Release|Any CPU
		{89FB5A33-167B-4586-A6E7-80311F78022E}.Release|Any CPU.Build.0 = Release|Any CPU
		{89FB5A33-167B-4586-A6E7-80311F78022E}.Release|x64.ActiveCfg = Release|Any CPU
		{89FB5A33-167B-4586-A6E7-80311F78022E}.Release|x64.Build.0 = Release|Any CPU
		{89FB5A33-167B-4586-A6E7-80311F78022E}.Release|x86.ActiveCfg = Release|Any CPU
		{89FB5A33-167B-4586-A6E7-80311F78022E}.Release|x86.Build.0 = Release|Any CPU
	EndGlobalSection
	GlobalSection(NestedProjects) = preSolution
		{04F38CC0-729C-490C-B282-13F1C07620D0} = {5E64F2B9-E9B1-4EFC-B65E-E3649F0110D0}
		{901286D8-90C0-4A1D-B370-374181805C29} = {5E64F2B9-E9B1-4EFC-B65E-E3649F0110D0}
		{5AAA099D-1224-4883-833F-3F02B3A71537} = {5E64F2B9-E9B1-4EFC-B65E-E3649F0110D0}
		{64381062-5A67-4599-8E63-B227A689CE2F} = {5E64F2B9-E9B1-4EFC-B65E-E3649F0110D0}
		{A8FB1BEA-6483-45F9-8307-32383AF8ACC3} = {5E64F2B9-E9B1-4EFC-B65E-E3649F0110D0}
		{A7211D5D-DF83-4FF6-9780-E0E316BC094C} = {5E64F2B9-E9B1-4EFC-B65E-E3649F0110D0}
		{1651B95A-B08A-49CA-97AE-5A0F45F308A3} = {5E64F2B9-E9B1-4EFC-B65E-E3649F0110D0}
		{868DE501-C1CC-4F7C-B428-E806B48A0094} = {5E64F2B9-E9B1-4EFC-B65E-E3649F0110D0}
		{80287B4F-E581-478A-AAF9-F4187F844E56} = {5E64F2B9-E9B1-4EFC-B65E-E3649F0110D0}
		{2F6B3433-B3E4-4370-8782-FFAE86EC837C} = {5E64F2B9-E9B1-4EFC-B65E-E3649F0110D0}
		{89FB5A33-167B-4586-A6E7-80311F78022E} = {5E64F2B9-E9B1-4EFC-B65E-E3649F0110D0}
	EndGlobalSection
EndGlobal
