
Microsoft Visual Studio Solution File, Format Version 12.00
# Visual Studio 14
VisualStudioVersion = 14.0.22823.1
MinimumVisualStudioVersion = 10.0.40219.1
Project("{2150E333-8FDC-42A3-9474-1A3956D46DE8}") = "src", "src", "{1ECB4F77-E7BA-44A1-96FC-DCF20DD74F27}"
EndProject
Project("{2150E333-8FDC-42A3-9474-1A3956D46DE8}") = "Solution Items", "Solution Items", "{B841FC8C-2C71-412E-8889-30325A58AF01}"
	ProjectSection(SolutionItems) = preProject
		global.json = global.json
	EndProjectSection
EndProject
Project("{8BB2217D-0F2D-49D1-97BC-3654ED321F3B}") = "Reap", "src\Reap\Reap.xproj", "{8B293D5A-DCC0-4171-B2EA-AB06C4CEC30D}"
EndProject
Project("{8BB2217D-0F2D-49D1-97BC-3654ED321F3B}") = "Sandbox", "src\Sandbox\Sandbox.xproj", "{9D270EDD-7846-4590-86C8-4D384C574EDE}"
EndProject
Project("{8BB2217D-0F2D-49D1-97BC-3654ED321F3B}") = "Reap.Newtonsoft.Json", "src\Reap.Newtonsoft.Json\Reap.Newtonsoft.Json.xproj", "{06342177-1406-4779-83F6-3694DBBC2C5C}"
EndProject
Project("{8BB2217D-0F2D-49D1-97BC-3654ED321F3B}") = "Reap.Extensions.Headers", "src\Reap.Extensions.Headers\Reap.Extensions.Headers.xproj", "{83354318-7865-4A01-8931-8AEB9E4F8A9D}"
EndProject
Project("{8BB2217D-0F2D-49D1-97BC-3654ED321F3B}") = "Reap.Extensions.Authentication", "src\Reap.Extensions.Authentication\Reap.Extensions.Authentication.xproj", "{F7970E8E-FA99-4696-90C5-02324A6158B0}"
EndProject
Project("{8BB2217D-0F2D-49D1-97BC-3654ED321F3B}") = "Reap.Extensions.Authorization", "src\Reap.Extensions.Authorization\Reap.Extensions.Authorization.xproj", "{E674747B-0E33-4D3E-A9E4-207610183B1F}"
EndProject
Global
	GlobalSection(SolutionConfigurationPlatforms) = preSolution
		Debug|Any CPU = Debug|Any CPU
		Release|Any CPU = Release|Any CPU
	EndGlobalSection
	GlobalSection(ProjectConfigurationPlatforms) = postSolution
		{8B293D5A-DCC0-4171-B2EA-AB06C4CEC30D}.Debug|Any CPU.ActiveCfg = Debug|Any CPU
		{8B293D5A-DCC0-4171-B2EA-AB06C4CEC30D}.Debug|Any CPU.Build.0 = Debug|Any CPU
		{8B293D5A-DCC0-4171-B2EA-AB06C4CEC30D}.Release|Any CPU.ActiveCfg = Release|Any CPU
		{8B293D5A-DCC0-4171-B2EA-AB06C4CEC30D}.Release|Any CPU.Build.0 = Release|Any CPU
		{9D270EDD-7846-4590-86C8-4D384C574EDE}.Debug|Any CPU.ActiveCfg = Debug|Any CPU
		{9D270EDD-7846-4590-86C8-4D384C574EDE}.Debug|Any CPU.Build.0 = Debug|Any CPU
		{9D270EDD-7846-4590-86C8-4D384C574EDE}.Release|Any CPU.ActiveCfg = Release|Any CPU
		{9D270EDD-7846-4590-86C8-4D384C574EDE}.Release|Any CPU.Build.0 = Release|Any CPU
		{06342177-1406-4779-83F6-3694DBBC2C5C}.Debug|Any CPU.ActiveCfg = Debug|Any CPU
		{06342177-1406-4779-83F6-3694DBBC2C5C}.Debug|Any CPU.Build.0 = Debug|Any CPU
		{06342177-1406-4779-83F6-3694DBBC2C5C}.Release|Any CPU.ActiveCfg = Release|Any CPU
		{06342177-1406-4779-83F6-3694DBBC2C5C}.Release|Any CPU.Build.0 = Release|Any CPU
		{83354318-7865-4A01-8931-8AEB9E4F8A9D}.Debug|Any CPU.ActiveCfg = Debug|Any CPU
		{83354318-7865-4A01-8931-8AEB9E4F8A9D}.Debug|Any CPU.Build.0 = Debug|Any CPU
		{83354318-7865-4A01-8931-8AEB9E4F8A9D}.Release|Any CPU.ActiveCfg = Release|Any CPU
		{83354318-7865-4A01-8931-8AEB9E4F8A9D}.Release|Any CPU.Build.0 = Release|Any CPU
		{F7970E8E-FA99-4696-90C5-02324A6158B0}.Debug|Any CPU.ActiveCfg = Debug|Any CPU
		{F7970E8E-FA99-4696-90C5-02324A6158B0}.Debug|Any CPU.Build.0 = Debug|Any CPU
		{F7970E8E-FA99-4696-90C5-02324A6158B0}.Release|Any CPU.ActiveCfg = Release|Any CPU
		{F7970E8E-FA99-4696-90C5-02324A6158B0}.Release|Any CPU.Build.0 = Release|Any CPU
		{E674747B-0E33-4D3E-A9E4-207610183B1F}.Debug|Any CPU.ActiveCfg = Debug|Any CPU
		{E674747B-0E33-4D3E-A9E4-207610183B1F}.Debug|Any CPU.Build.0 = Debug|Any CPU
		{E674747B-0E33-4D3E-A9E4-207610183B1F}.Release|Any CPU.ActiveCfg = Release|Any CPU
		{E674747B-0E33-4D3E-A9E4-207610183B1F}.Release|Any CPU.Build.0 = Release|Any CPU
	EndGlobalSection
	GlobalSection(SolutionProperties) = preSolution
		HideSolutionNode = FALSE
	EndGlobalSection
	GlobalSection(NestedProjects) = preSolution
		{8B293D5A-DCC0-4171-B2EA-AB06C4CEC30D} = {1ECB4F77-E7BA-44A1-96FC-DCF20DD74F27}
		{9D270EDD-7846-4590-86C8-4D384C574EDE} = {1ECB4F77-E7BA-44A1-96FC-DCF20DD74F27}
		{06342177-1406-4779-83F6-3694DBBC2C5C} = {1ECB4F77-E7BA-44A1-96FC-DCF20DD74F27}
		{83354318-7865-4A01-8931-8AEB9E4F8A9D} = {1ECB4F77-E7BA-44A1-96FC-DCF20DD74F27}
		{F7970E8E-FA99-4696-90C5-02324A6158B0} = {1ECB4F77-E7BA-44A1-96FC-DCF20DD74F27}
		{E674747B-0E33-4D3E-A9E4-207610183B1F} = {1ECB4F77-E7BA-44A1-96FC-DCF20DD74F27}
	EndGlobalSection
EndGlobal
